
Microsoft Visual Studio Solution File, Format Version 12.00
# Visual Studio Version 16
VisualStudioVersion = 16.0.31702.278
MinimumVisualStudioVersion = 10.0.40219.1
Project("{FAE04EC0-301F-11D3-BF4B-00C04F79EFBC}") = "Massive_zad1", "Massive_zad1\Massive_zad1.csproj", "{ACF0EC01-09AC-407B-B49D-0B7B046BD0A9}"
EndProject
Global
	GlobalSection(SolutionConfigurationPlatforms) = preSolution
		Debug|Any CPU = Debug|Any CPU
		Release|Any CPU = Release|Any CPU
	EndGlobalSection
	GlobalSection(ProjectConfigurationPlatforms) = postSolution
		{ACF0EC01-09AC-407B-B49D-0B7B046BD0A9}.Debug|Any CPU.ActiveCfg = Debug|Any CPU
		{ACF0EC01-09AC-407B-B49D-0B7B046BD0A9}.Debug|Any CPU.Build.0 = Debug|Any CPU
		{ACF0EC01-09AC-407B-B49D-0B7B046BD0A9}.Release|Any CPU.ActiveCfg = Release|Any CPU
		{ACF0EC01-09AC-407B-B49D-0B7B046BD0A9}.Release|Any CPU.Build.0 = Release|Any CPU
	EndGlobalSection
	GlobalSection(SolutionProperties) = preSolution
		HideSolutionNode = FALSE
	EndGlobalSection
	GlobalSection(ExtensibilityGlobals) = postSolution
		SolutionGuid = {09CE7EE0-24A5-4F04-AF3D-9402B1335537}
	EndGlobalSection
EndGlobal
